
Microsoft Visual Studio Solution File, Format Version 12.00
# Visual Studio 15
VisualStudioVersion = 15.0.28010.2016
MinimumVisualStudioVersion = 10.0.40219.1
Project("{FAE04EC0-301F-11D3-BF4B-00C04F79EFBC}") = "ExercicioMatrizes", "ExercicioMatrizes\ExercicioMatrizes.csproj", "{8C3AFD31-FC44-4249-A01C-0F77E54605F8}"
EndProject
Project("{FAE04EC0-301F-11D3-BF4B-00C04F79EFBC}") = "ExercicioMatrizes2", "ExercicioMatrizes2\ExercicioMatrizes2.csproj", "{4183F347-1157-477C-9D81-6EEEBDF084DE}"
EndProject
Project("{FAE04EC0-301F-11D3-BF4B-00C04F79EFBC}") = "ExercicioMatrizes3", "ExercicioMatrizes3\ExercicioMatrizes3.csproj", "{35BF7583-C5F8-4D76-BF73-295F794210D1}"
EndProject
Global
	GlobalSection(SolutionConfigurationPlatforms) = preSolution
		Debug|Any CPU = Debug|Any CPU
		Release|Any CPU = Release|Any CPU
	EndGlobalSection
	GlobalSection(ProjectConfigurationPlatforms) = postSolution
		{8C3AFD31-FC44-4249-A01C-0F77E54605F8}.Debug|Any CPU.ActiveCfg = Debug|Any CPU
		{8C3AFD31-FC44-4249-A01C-0F77E54605F8}.Debug|Any CPU.Build.0 = Debug|Any CPU
		{8C3AFD31-FC44-4249-A01C-0F77E54605F8}.Release|Any CPU.ActiveCfg = Release|Any CPU
		{8C3AFD31-FC44-4249-A01C-0F77E54605F8}.Release|Any CPU.Build.0 = Release|Any CPU
		{4183F347-1157-477C-9D81-6EEEBDF084DE}.Debug|Any CPU.ActiveCfg = Debug|Any CPU
		{4183F347-1157-477C-9D81-6EEEBDF084DE}.Debug|Any CPU.Build.0 = Debug|Any CPU
		{4183F347-1157-477C-9D81-6EEEBDF084DE}.Release|Any CPU.ActiveCfg = Release|Any CPU
		{4183F347-1157-477C-9D81-6EEEBDF084DE}.Release|Any CPU.Build.0 = Release|Any CPU
		{35BF7583-C5F8-4D76-BF73-295F794210D1}.Debug|Any CPU.ActiveCfg = Debug|Any CPU
		{35BF7583-C5F8-4D76-BF73-295F794210D1}.Debug|Any CPU.Build.0 = Debug|Any CPU
		{35BF7583-C5F8-4D76-BF73-295F794210D1}.Release|Any CPU.ActiveCfg = Release|Any CPU
		{35BF7583-C5F8-4D76-BF73-295F794210D1}.Release|Any CPU.Build.0 = Release|Any CPU
	EndGlobalSection
	GlobalSection(SolutionProperties) = preSolution
		HideSolutionNode = FALSE
	EndGlobalSection
	GlobalSection(ExtensibilityGlobals) = postSolution
		SolutionGuid = {C32D0EF7-3555-4BB0-B303-2F8E7F01D864}
	EndGlobalSection
EndGlobal
