
Microsoft Visual Studio Solution File, Format Version 12.00
# Visual Studio 15
VisualStudioVersion = 15.0.28010.2016
MinimumVisualStudioVersion = 10.0.40219.1
Project("{FAE04EC0-301F-11D3-BF4B-00C04F79EFBC}") = "CalcularMediaSegChamFinal", "CalcularMediaSegChamFinal\CalcularMediaSegChamFinal.csproj", "{33049732-F02B-47E0-8024-0F9394EAD143}"
EndProject
Global
	GlobalSection(SolutionConfigurationPlatforms) = preSolution
		Debug|Any CPU = Debug|Any CPU
		Release|Any CPU = Release|Any CPU
	EndGlobalSection
	GlobalSection(ProjectConfigurationPlatforms) = postSolution
		{33049732-F02B-47E0-8024-0F9394EAD143}.Debug|Any CPU.ActiveCfg = Debug|Any CPU
		{33049732-F02B-47E0-8024-0F9394EAD143}.Debug|Any CPU.Build.0 = Debug|Any CPU
		{33049732-F02B-47E0-8024-0F9394EAD143}.Release|Any CPU.ActiveCfg = Release|Any CPU
		{33049732-F02B-47E0-8024-0F9394EAD143}.Release|Any CPU.Build.0 = Release|Any CPU
	EndGlobalSection
	GlobalSection(SolutionProperties) = preSolution
		HideSolutionNode = FALSE
	EndGlobalSection
	GlobalSection(ExtensibilityGlobals) = postSolution
		SolutionGuid = {DAC5E095-9EF6-4A06-A887-3D492D01C71C}
	EndGlobalSection
EndGlobal
